
Microsoft Visual Studio Solution File, Format Version 12.00
# Visual Studio Version 17
VisualStudioVersion = 17.3.32922.545
MinimumVisualStudioVersion = 10.0.40219.1
Project("{9A19103F-16F7-4668-BE54-9A1E7A4F7556}") = "UP", "UP\UP.csproj", "{C58B624F-6970-4684-A1A0-3F67179B32D5}"
EndProject
Global
	GlobalSection(SolutionConfigurationPlatforms) = preSolution
		Debug|Any CPU = Debug|Any CPU
		Release|Any CPU = Release|Any CPU
	EndGlobalSection
	GlobalSection(ProjectConfigurationPlatforms) = postSolution
		{C58B624F-6970-4684-A1A0-3F67179B32D5}.Debug|Any CPU.ActiveCfg = Debug|Any CPU
		{C58B624F-6970-4684-A1A0-3F67179B32D5}.Debug|Any CPU.Build.0 = Debug|Any CPU
		{C58B624F-6970-4684-A1A0-3F67179B32D5}.Release|Any CPU.ActiveCfg = Release|Any CPU
		{C58B624F-6970-4684-A1A0-3F67179B32D5}.Release|Any CPU.Build.0 = Release|Any CPU
	EndGlobalSection
	GlobalSection(SolutionProperties) = preSolution
		HideSolutionNode = FALSE
	EndGlobalSection
	GlobalSection(ExtensibilityGlobals) = postSolution
		SolutionGuid = {E62363DD-B463-4E5B-86F2-F7077429222C}
	EndGlobalSection
EndGlobal
